// !$*UTF8*$!
{
	archiveVersion = 1;
	classes = {
	};
	objectVersion = 46;
	objects = {

/* Begin PBXBuildFile section */
		65F5569C1A31513C003BF22C /* main.m in Sources */ = {isa = PBXBuildFile; fileRef = 65F5569B1A31513C003BF22C /* main.m */; };
		65F5569F1A31513C003BF22C /* AppDelegate.m in Sources */ = {isa = PBXBuildFile; fileRef = 65F5569E1A31513C003BF22C /* AppDelegate.m */; };
		65F556A21A31513C003BF22C /* ViewController.m in Sources */ = {isa = PBXBuildFile; fileRef = 65F556A11A31513C003BF22C /* ViewController.m */; };
		65F556A51A31513C003BF22C /* Main.storyboard in Resources */ = {isa = PBXBuildFile; fileRef = 65F556A31A31513C003BF22C /* Main.storyboard */; };
		65F556A71A31513C003BF22C /* Images.xcassets in Resources */ = {isa = PBXBuildFile; fileRef = 65F556A61A31513C003BF22C /* Images.xcassets */; };
		65F556AA1A31513C003BF22C /* LaunchScreen.xib in Resources */ = {isa = PBXBuildFile; fileRef = 65F556A81A31513C003BF22C /* LaunchScreen.xib */; };
		65F556B61A31513C003BF22C /* _111Tests.m in Sources */ = {isa = PBXBuildFile; fileRef = 65F556B51A31513C003BF22C /* _111Tests.m */; };
/* End PBXBuildFile section */

/* Begin PBXContainerItemProxy section */
		65F556B01A31513C003BF22C /* PBXContainerItemProxy */ = {
			isa = PBXContainerItemProxy;
			containerPortal = 65F5568E1A31513C003BF22C /* Project object */;
			proxyType = 1;
			remoteGlobalIDString = 65F556951A31513C003BF22C;
			remoteInfo = 1111;
		};
/* End PBXContainerItemProxy section */

/* Begin PBXFileReference section */
		65F556961A31513C003BF22C /* 1111.app */ = {isa = PBXFileReference; explicitFileType = wrapper.application; includeInIndex = 0; path = 1111.app; sourceTree = BUILT_PRODUCTS_DIR; };
		65F5569A1A31513C003BF22C /* Info.plist */ = {isa = PBXFileReference; lastKnownFileType = text.plist.xml; path = Info.plist; sourceTree = "<group>"; };
		65F5569B1A31513C003BF22C /* main.m */ = {isa = PBXFileReference; lastKnownFileType = sourcecode.c.objc; path = main.m; sourceTree = "<group>"; };
		65F5569D1A31513C003BF22C /* AppDelegate.h */ = {isa = PBXFileReference; lastKnownFileType = sourcecode.c.h; path = AppDelegate.h; sourceTree = "<group>"; };
		65F5569E1A31513C003BF22C /* AppDelegate.m */ = {isa = PBXFileReference; lastKnownFileType = sourcecode.c.objc; path = AppDelegate.m; sourceTree = "<group>"; };
		65F556A01A31513C003BF22C /* ViewController.h */ = {isa = PBXFileReference; lastKnownFileType = sourcecode.c.h; path = ViewController.h; sourceTree = "<group>"; };
		65F556A11A31513C003BF22C /* ViewController.m */ = {isa = PBXFileReference; lastKnownFileType = sourcecode.c.objc; path = ViewController.m; sourceTree = "<group>"; };
		65F556A41A31513C003BF22C /* Base */ = {isa = PBXFileReference; lastKnownFileType = file.storyboard; name = Base; path = Base.lproj/Main.storyboard; sourceTree = "<group>"; };
		65F556A61A31513C003BF22C /* Images.xcassets */ = {isa = PBXFileReference; lastKnownFileType = folder.assetcatalog; path = Images.xcassets; sourceTree = "<group>"; };
		65F556A91A31513C003BF22C /* Base */ = {isa = PBXFileReference; lastKnownFileType = file.xib; name = Base; path = Base.lproj/LaunchScreen.xib; sourceTree = "<group>"; };
		65F556AF1A31513C003BF22C /* 1111Tests.xctest */ = {isa = PBXFileReference; explicitFileType = wrapper.cfbundle; includeInIndex = 0; path = 1111Tests.xctest; sourceTree = BUILT_PRODUCTS_DIR; };
		65F556B41A31513C003BF22C /* Info.plist */ = {isa = PBXFileReference; lastKnownFileType = text.plist.xml; path = Info.plist; sourceTree = "<group>"; };
		65F556B51A31513C003BF22C /* _111Tests.m */ = {isa = PBXFileReference; lastKnownFileType = sourcecode.c.objc; path = _111Tests.m; sourceTree = "<group>"; };
/* End PBXFileReference section */

/* Begin PBXFrameworksBuildPhase section */
		65F556931A31513C003BF22C /* Frameworks */ = {
			isa = PBXFrameworksBuildPhase;
			buildActionMask = 2147483647;
			files = (
			);
			runOnlyForDeploymentPostprocessing = 0;
		};
		65F556AC1A31513C003BF22C /* Frameworks */ = {
			isa = PBXFrameworksBuildPhase;
			buildActionMask = 2147483647;
			files = (
			);
			runOnlyForDeploymentPostprocessing = 0;
		};
/* End PBXFrameworksBuildPhase section */

/* Begin PBXGroup section */
		65F5568D1A31513C003BF22C = {
			isa = PBXGroup;
			children = (
				65F556981A31513C003BF22C /* 1111 */,
				65F556B21A31513C003BF22C /* 1111Tests */,
				65F556971A31513C003BF22C /* Products */,
			);
			sourceTree = "<group>";
		};
		65F556971A31513C003BF22C /* Products */ = {
			isa = PBXGroup;
			children = (
				65F556961A31513C003BF22C /* 1111.app */,
				65F556AF1A31513C003BF22C /* 1111Tests.xctest */,
			);
			name = Products;
			sourceTree = "<group>";
		};
		65F556981A31513C003BF22C /* 1111 */ = {
			isa = PBXGroup;
			children = (
				65F5569D1A31513C003BF22C /* AppDelegate.h */,
				65F5569E1A31513C003BF22C /* AppDelegate.m */,
				65F556A01A31513C003BF22C /* ViewController.h */,
				65F556A11A31513C003BF22C /* ViewController.m */,
				65F556A31A31513C003BF22C /* Main.storyboard */,
				65F556A61A31513C003BF22C /* Images.xcassets */,
				65F556A81A31513C003BF22C /* LaunchScreen.xib */,
				65F556991A31513C003BF22C /* Supporting Files */,
			);
			path = 1111;
			sourceTree = "<group>";
		};
		65F556991A31513C003BF22C /* Supporting Files */ = {
			isa = PBXGroup;
			children = (
				65F5569A1A31513C003BF22C /* Info.plist */,
				65F5569B1A31513C003BF22C /* main.m */,
			);
			name = "Supporting Files";
			sourceTree = "<group>";
		};
		65F556B21A31513C003BF22C /* 1111Tests */ = {
			isa = PBXGroup;
			children = (
				65F556B51A31513C003BF22C /* _111Tests.m */,
				65F556B31A31513C003BF22C /* Supporting Files */,
			);
			path = 1111Tests;
			sourceTree = "<group>";
		};
		65F556B31A31513C003BF22C /* Supporting Files */ = {
			isa = PBXGroup;
			children = (
				65F556B41A31513C003BF22C /* Info.plist */,
			);
			name = "Supporting Files";
			sourceTree = "<group>";
		};
/* End PBXGroup section */

/* Begin PBXNativeTarget section */
		65F556951A31513C003BF22C /* 1111 */ = {
			isa = PBXNativeTarget;
			buildConfigurationList = 65F556B91A31513C003BF22C /* Build configuration list for PBXNativeTarget "1111" */;
			buildPhases = (
				65F556921A31513C003BF22C /* Sources */,
				65F556931A31513C003BF22C /* Frameworks */,
				65F556941A31513C003BF22C /* Resources */,
			);
			buildRules = (
			);
			dependencies = (
			);
			name = 1111;
			productName = 1111;
			productReference = 65F556961A31513C003BF22C /* 1111.app */;
			productType = "com.apple.product-type.application";
		};
		65F556AE1A31513C003BF22C /* 1111Tests */ = {
			isa = PBXNativeTarget;
			buildConfigurationList = 65F556BC1A31513C003BF22C /* Build configuration list for PBXNativeTarget "1111Tests" */;
			buildPhases = (
				65F556AB1A31513C003BF22C /* Sources */,
				65F556AC1A31513C003BF22C /* Frameworks */,
				65F556AD1A31513C003BF22C /* Resources */,
			);
			buildRules = (
			);
			dependencies = (
				65F556B11A31513C003BF22C /* PBXTargetDependency */,
			);
			name = 1111Tests;
			productName = 1111Tests;
			productReference = 65F556AF1A31513C003BF22C /* 1111Tests.xctest */;
			productType = "com.apple.product-type.bundle.unit-test";
		};
/* End PBXNativeTarget section */

/* Begin PBXProject section */
		65F5568E1A31513C003BF22C /* Project object */ = {
			isa = PBXProject;
			attributes = {
				LastUpgradeCheck = 0610;
				ORGANIZATIONNAME = YLK;
				TargetAttributes = {
					65F556951A31513C003BF22C = {
						CreatedOnToolsVersion = 6.1.1;
					};
					65F556AE1A31513C003BF22C = {
						CreatedOnToolsVersion = 6.1.1;
						TestTargetID = 65F556951A31513C003BF22C;
					};
				};
			};
			buildConfigurationList = 65F556911A31513C003BF22C /* Build configuration list for PBXProject "1111" */;
			compatibilityVersion = "Xcode 3.2";
			developmentRegion = English;
			hasScannedForEncodings = 0;
			knownRegions = (
				en,
				Base,
			);
			mainGroup = 65F5568D1A31513C003BF22C;
			productRefGroup = 65F556971A31513C003BF22C /* Products */;
			projectDirPath = "";
			projectRoot = "";
			targets = (
				65F556951A31513C003BF22C /* 1111 */,
				65F556AE1A31513C003BF22C /* 1111Tests */,
			);
		};
/* End PBXProject section */

/* Begin PBXResourcesBuildPhase section */
		65F556941A31513C003BF22C /* Resources */ = {
			isa = PBXResourcesBuildPhase;
			buildActionMask = 2147483647;
			files = (
				65F556A51A31513C003BF22C /* Main.storyboard in Resources */,
				65F556AA1A31513C003BF22C /* LaunchScreen.xib in Resources */,
				65F556A71A31513C003BF22C /* Images.xcassets in Resources */,
			);
			runOnlyForDeploymentPostprocessing = 0;
		};
		65F556AD1A31513C003BF22C /* Resources */ = {
			isa = PBXResourcesBuildPhase;
			buildActionMask = 2147483647;
			files = (
			);
			runOnlyForDeploymentPostprocessing = 0;
		};
/* End PBXResourcesBuildPhase section */

/* Begin PBXSourcesBuildPhase section */
		65F556921A31513C003BF22C /* Sources */ = {
			isa = PBXSourcesBuildPhase;
			buildActionMask = 2147483647;
			files = (
				65F556A21A31513C003BF22C /* ViewController.m in Sources */,
				65F5569F1A31513C003BF22C /* AppDelegate.m in Sources */,
				65F5569C1A31513C003BF22C /* main.m in Sources */,
			);
			runOnlyForDeploymentPostprocessing = 0;
		};
		65F556AB1A31513C003BF22C /* Sources */ = {
			isa = PBXSourcesBuildPhase;
			buildActionMask = 2147483647;
			files = (
				65F556B61A31513C003BF22C /* _111Tests.m in Sources */,
			);
			runOnlyForDeploymentPostprocessing = 0;
		};
/* End PBXSourcesBuildPhase section */

/* Begin PBXTargetDependency section */
		65F556B11A31513C003BF22C /* PBXTargetDependency */ = {
			isa = PBXTargetDependency;
			target = 65F556951A31513C003BF22C /* 1111 */;
			targetProxy = 65F556B01A31513C003BF22C /* PBXContainerItemProxy */;
		};
/* End PBXTargetDependency section */

/* Begin PBXVariantGroup section */
		65F556A31A31513C003BF22C /* Main.storyboard */ = {
			isa = PBXVariantGroup;
			children = (
				65F556A41A31513C003BF22C /* Base */,
			);
			name = Main.storyboard;
			sourceTree = "<group>";
		};
		65F556A81A31513C003BF22C /* LaunchScreen.xib */ = {
			isa = PBXVariantGroup;
			children = (
				65F556A91A31513C003BF22C /* Base */,
			);
			name = LaunchScreen.xib;
			sourceTree = "<group>";
		};
/* End PBXVariantGroup section */

/* Begin XCBuildConfiguration section */
		65F556B71A31513C003BF22C /* Debug */ = {
			isa = XCBuildConfiguration;
			buildSettings = {
				ALWAYS_SEARCH_USER_PATHS = NO;
				CLANG_CXX_LANGUAGE_STANDARD = "gnu++0x";
				CLANG_CXX_LIBRARY = "libc++";
				CLANG_ENABLE_MODULES = YES;
				CLANG_ENABLE_OBJC_ARC = YES;
				CLANG_WARN_BOOL_CONVERSION = YES;
				CLANG_WARN_CONSTANT_CONVERSION = YES;
				CLANG_WARN_DIRECT_OBJC_ISA_USAGE = YES_ERROR;
				CLANG_WARN_EMPTY_BODY = YES;
				CLANG_WARN_ENUM_CONVERSION = YES;
				CLANG_WARN_INT_CONVERSION = YES;
				CLANG_WARN_OBJC_ROOT_CLASS = YES_ERROR;
				CLANG_WARN_UNREACHABLE_CODE = YES;
				CLANG_WARN__DUPLICATE_METHOD_MATCH = YES;
				"CODE_SIGN_IDENTITY[sdk=iphoneos*]" = "iPhone Developer";
				COPY_PHASE_STRIP = NO;
				ENABLE_STRICT_OBJC_MSGSEND = YES;
				GCC_C_LANGUAGE_STANDARD = gnu99;
				GCC_DYNAMIC_NO_PIC = NO;
				GCC_OPTIMIZATION_LEVEL = 0;
				GCC_PREPROCESSOR_DEFINITIONS = (
					"DEBUG=1",
					"$(inherited)",
				);
				GCC_SYMBOLS_PRIVATE_EXTERN = NO;
				GCC_WARN_64_TO_32_BIT_CONVERSION = YES;
				GCC_WARN_ABOUT_RETURN_TYPE = YES_ERROR;
				GCC_WARN_UNDECLARED_SELECTOR = YES;
				GCC_WARN_UNINITIALIZED_AUTOS = YES_AGGRESSIVE;
				GCC_WARN_UNUSED_FUNCTION = YES;
				GCC_WARN_UNUSED_VARIABLE = YES;
				IPHONEOS_DEPLOYMENT_TARGET = 8.1;
				MTL_ENABLE_DEBUG_INFO = YES;
				ONLY_ACTIVE_ARCH = YES;
				SDKROOT = iphoneos;
			};
			name = Debug;
		};
		65F556B81A31513C003BF22C /* Release */ = {
			isa = XCBuildConfiguration;
			buildSettings = {
				ALWAYS_SEARCH_USER_PATHS = NO;
				CLANG_CXX_LANGUAGE_STANDARD = "gnu++0x";
				CLANG_CXX_LIBRARY = "libc++";
				CLANG_ENABLE_MODULES = YES;
				CLANG_ENABLE_OBJC_ARC = YES;
				CLANG_WARN_BOOL_CONVERSION = YES;
				CLANG_WARN_CONSTANT_CONVERSION = YES;
				CLANG_WARN_DIRECT_OBJC_ISA_USAGE = YES_ERROR;
				CLANG_WARN_EMPTY_BODY = YES;
				CLANG_WARN_ENUM_CONVERSION = YES;
				CLANG_WARN_INT_CONVERSION = YES;
				CLANG_WARN_OBJC_ROOT_CLASS = YES_ERROR;
				CLANG_WARN_UNREACHABLE_CODE = YES;
				CLANG_WARN__DUPLICATE_METHOD_MATCH = YES;
				"CODE_SIGN_IDENTITY[sdk=iphoneos*]" = "iPhone Developer";
				COPY_PHASE_STRIP = YES;
				ENABLE_NS_ASSERTIONS = NO;
				ENABLE_STRICT_OBJC_MSGSEND = YES;
				GCC_C_LANGUAGE_STANDARD = gnu99;
				GCC_WARN_64_TO_32_BIT_CONVERSION = YES;
				GCC_WARN_ABOUT_RETURN_TYPE = YES_ERROR;
				GCC_WARN_UNDECLARED_SELECTOR = YES;
				GCC_WARN_UNINITIALIZED_AUTOS = YES_AGGRESSIVE;
				GCC_WARN_UNUSED_FUNCTION = YES;
				GCC_WARN_UNUSED_VARIABLE = YES;
				IPHONEOS_DEPLOYMENT_TARGET = 8.1;
				MTL_ENABLE_DEBUG_INFO = NO;
				SDKROOT = iphoneos;
				VALIDATE_PRODUCT = YES;
			};
			name = Release;
		};
		65F556BA1A31513C003BF22C /* Debug */ = {
			isa = XCBuildConfiguration;
			buildSettings = {
				ASSETCATALOG_COMPILER_APPICON_NAME = AppIcon;
				INFOPLIST_FILE = 1111/Info.plist;
				LD_RUNPATH_SEARCH_PATHS = "$(inherited) @executable_path/Frameworks";
				PRODUCT_NAME = "$(TARGET_NAME)";
			};
			name = Debug;
		};
		65F556BB1A31513C003BF22C /* Release */ = {
			isa = XCBuildConfiguration;
			buildSettings = {
				ASSETCATALOG_COMPILER_APPICON_NAME = AppIcon;
				INFOPLIST_FILE = 1111/Info.plist;
				LD_RUNPATH_SEARCH_PATHS = "$(inherited) @executable_path/Frameworks";
				PRODUCT_NAME = "$(TARGET_NAME)";
			};
			name = Release;
		};
		65F556BD1A31513C003BF22C /* Debug */ = {
			isa = XCBuildConfiguration;
			buildSettings = {
				BUNDLE_LOADER = "$(TEST_HOST)";
				FRAMEWORK_SEARCH_PATHS = (
					"$(SDKROOT)/Developer/Library/Frameworks",
					"$(inherited)",
				);
				GCC_PREPROCESSOR_DEFINITIONS = (
					"DEBUG=1",
					"$(inherited)",
				);
				INFOPLIST_FILE = 1111Tests/Info.plist;
				LD_RUNPATH_SEARCH_PATHS = "$(inherited) @executable_path/Frameworks @loader_path/Frameworks";
				PRODUCT_NAME = "$(TARGET_NAME)";
				TEST_HOST = "$(BUILT_PRODUCTS_DIR)/1111.app/1111";
			};
			name = Debug;
		};
		65F556BE1A31513C003BF22C /* Release */ = {
			isa = XCBuildConfiguration;
			buildSettings = {
				BUNDLE_LOADER = "$(TEST_HOST)";
				FRAMEWORK_SEARCH_PATHS = (
					"$(SDKROOT)/Developer/Library/Frameworks",
					"$(inherited)",
				);
				INFOPLIST_FILE = 1111Tests/Info.plist;
				LD_RUNPATH_SEARCH_PATHS = "$(inherited) @executable_path/Frameworks @loader_path/Frameworks";
				PRODUCT_NAME = "$(TARGET_NAME)";
				TEST_HOST = "$(BUILT_PRODUCTS_DIR)/1111.app/1111";
			};
			name = Release;
		};
/* End XCBuildConfiguration section */

/* Begin XCConfigurationList section */
		65F556911A31513C003BF22C /* Build configuration list for PBXProject "1111" */ = {
			isa = XCConfigurationList;
			buildConfigurations = (
				65F556B71A31513C003BF22C /* Debug */,
				65F556B81A31513C003BF22C /* Release */,
			);
			defaultConfigurationIsVisible = 0;
			defaultConfigurationName = Release;
		};
		65F556B91A31513C003BF22C /* Build configuration list for PBXNativeTarget "1111" */ = {
			isa = XCConfigurationList;
			buildConfigurations = (
				65F556BA1A31513C003BF22C /* Debug */,
				65F556BB1A31513C003BF22C /* Release */,
			);
			defaultConfigurationIsVisible = 0;
		};
		65F556BC1A31513C003BF22C /* Build configuration list for PBXNativeTarget "1111Tests" */ = {
			isa = XCConfigurationList;
			buildConfigurations = (
				65F556BD1A31513C003BF22C /* Debug */,
				65F556BE1A31513C003BF22C /* Release */,
			);
			defaultConfigurationIsVisible = 0;
		};
/* End XCConfigurationList section */
	};
	rootObject = 65F5568E1A31513C003BF22C /* Project object */;
}
